
Microsoft Visual Studio Solution File, Format Version 12.00
# Visual Studio 2012
Project("{FAE04EC0-301F-11D3-BF4B-00C04F79EFBC}") = "requirejs.demo.spa.mvc", "src\requirejs.demo.spa.mvc\requirejs.demo.spa.mvc.csproj", "{FDC46858-331E-4E91-9FE3-70E9AF5866B2}"
EndProject
Global
	GlobalSection(SolutionConfigurationPlatforms) = preSolution
		Debug|Any CPU = Debug|Any CPU
		Release|Any CPU = Release|Any CPU
	EndGlobalSection
	GlobalSection(ProjectConfigurationPlatforms) = postSolution
		{FDC46858-331E-4E91-9FE3-70E9AF5866B2}.Debug|Any CPU.ActiveCfg = Debug|Any CPU
		{FDC46858-331E-4E91-9FE3-70E9AF5866B2}.Debug|Any CPU.Build.0 = Debug|Any CPU
		{FDC46858-331E-4E91-9FE3-70E9AF5866B2}.Release|Any CPU.ActiveCfg = Release|Any CPU
		{FDC46858-331E-4E91-9FE3-70E9AF5866B2}.Release|Any CPU.Build.0 = Release|Any CPU
	EndGlobalSection
	GlobalSection(SolutionProperties) = preSolution
		HideSolutionNode = FALSE
	EndGlobalSection
EndGlobal
